// !$*UTF8*$!
{
	archiveVersion = 1;
	classes = {
	};
	objectVersion = 50;
	objects = {

/* Begin PBXBuildFile section */
		F49D996A26A1AA4B006ACF20 /* AppDelegate.swift in Sources */ = {isa = PBXBuildFile; fileRef = F49D996926A1AA4B006ACF20 /* AppDelegate.swift */; };
		F49D996C26A1AA4B006ACF20 /* SceneDelegate.swift in Sources */ = {isa = PBXBuildFile; fileRef = F49D996B26A1AA4B006ACF20 /* SceneDelegate.swift */; };
		F49D996E26A1AA4B006ACF20 /* MainViewController.swift in Sources */ = {isa = PBXBuildFile; fileRef = F49D996D26A1AA4B006ACF20 /* MainViewController.swift */; };
		F49D997126A1AA4B006ACF20 /* Main.storyboard in Resources */ = {isa = PBXBuildFile; fileRef = F49D996F26A1AA4B006ACF20 /* Main.storyboard */; };
		F49D997326A1AA4E006ACF20 /* Assets.xcassets in Resources */ = {isa = PBXBuildFile; fileRef = F49D997226A1AA4E006ACF20 /* Assets.xcassets */; };
		F49D997626A1AA4E006ACF20 /* LaunchScreen.storyboard in Resources */ = {isa = PBXBuildFile; fileRef = F49D997426A1AA4E006ACF20 /* LaunchScreen.storyboard */; };
		F49D997E26A2E9C3006ACF20 /* ImageBeerCollectionViewCell.swift in Sources */ = {isa = PBXBuildFile; fileRef = F49D997D26A2E9C3006ACF20 /* ImageBeerCollectionViewCell.swift */; };
		F49D998026A46FA6006ACF20 /* BeerJsonResponseCodable.swift in Sources */ = {isa = PBXBuildFile; fileRef = F49D997F26A46FA6006ACF20 /* BeerJsonResponseCodable.swift */; };
		F49D998226A58A06006ACF20 /* Beer.swift in Sources */ = {isa = PBXBuildFile; fileRef = F49D998126A58A06006ACF20 /* Beer.swift */; };
		F49D998426A5F923006ACF20 /* ImageDownloader.swift in Sources */ = {isa = PBXBuildFile; fileRef = F49D998326A5F923006ACF20 /* ImageDownloader.swift */; };
		F49D998626A644C7006ACF20 /* BeerInfoViewController.swift in Sources */ = {isa = PBXBuildFile; fileRef = F49D998526A644C7006ACF20 /* BeerInfoViewController.swift */; };
/* End PBXBuildFile section */

/* Begin PBXFileReference section */
		F49D996626A1AA4B006ACF20 /* ZorraBeerApp.app */ = {isa = PBXFileReference; explicitFileType = wrapper.application; includeInIndex = 0; path = ZorraBeerApp.app; sourceTree = BUILT_PRODUCTS_DIR; };
		F49D996926A1AA4B006ACF20 /* AppDelegate.swift */ = {isa = PBXFileReference; lastKnownFileType = sourcecode.swift; path = AppDelegate.swift; sourceTree = "<group>"; };
		F49D996B26A1AA4B006ACF20 /* SceneDelegate.swift */ = {isa = PBXFileReference; lastKnownFileType = sourcecode.swift; path = SceneDelegate.swift; sourceTree = "<group>"; };
		F49D996D26A1AA4B006ACF20 /* MainViewController.swift */ = {isa = PBXFileReference; lastKnownFileType = sourcecode.swift; path = MainViewController.swift; sourceTree = "<group>"; };
		F49D997026A1AA4B006ACF20 /* Base */ = {isa = PBXFileReference; lastKnownFileType = file.storyboard; name = Base; path = Base.lproj/Main.storyboard; sourceTree = "<group>"; };
		F49D997226A1AA4E006ACF20 /* Assets.xcassets */ = {isa = PBXFileReference; lastKnownFileType = folder.assetcatalog; path = Assets.xcassets; sourceTree = "<group>"; };
		F49D997526A1AA4E006ACF20 /* Base */ = {isa = PBXFileReference; lastKnownFileType = file.storyboard; name = Base; path = Base.lproj/LaunchScreen.storyboard; sourceTree = "<group>"; };
		F49D997726A1AA4E006ACF20 /* Info.plist */ = {isa = PBXFileReference; lastKnownFileType = text.plist.xml; path = Info.plist; sourceTree = "<group>"; };
		F49D997D26A2E9C3006ACF20 /* ImageBeerCollectionViewCell.swift */ = {isa = PBXFileReference; lastKnownFileType = sourcecode.swift; path = ImageBeerCollectionViewCell.swift; sourceTree = "<group>"; };
		F49D997F26A46FA6006ACF20 /* BeerJsonResponseCodable.swift */ = {isa = PBXFileReference; lastKnownFileType = sourcecode.swift; path = BeerJsonResponseCodable.swift; sourceTree = "<group>"; };
		F49D998126A58A06006ACF20 /* Beer.swift */ = {isa = PBXFileReference; lastKnownFileType = sourcecode.swift; path = Beer.swift; sourceTree = "<group>"; };
		F49D998326A5F923006ACF20 /* ImageDownloader.swift */ = {isa = PBXFileReference; lastKnownFileType = sourcecode.swift; path = ImageDownloader.swift; sourceTree = "<group>"; };
		F49D998526A644C7006ACF20 /* BeerInfoViewController.swift */ = {isa = PBXFileReference; lastKnownFileType = sourcecode.swift; path = BeerInfoViewController.swift; sourceTree = "<group>"; };
/* End PBXFileReference section */

/* Begin PBXFrameworksBuildPhase section */
		F49D996326A1AA4B006ACF20 /* Frameworks */ = {
			isa = PBXFrameworksBuildPhase;
			buildActionMask = 2147483647;
			files = (
			);
			runOnlyForDeploymentPostprocessing = 0;
		};
/* End PBXFrameworksBuildPhase section */

/* Begin PBXGroup section */
		F49D995D26A1AA4B006ACF20 = {
			isa = PBXGroup;
			children = (
				F49D996826A1AA4B006ACF20 /* ZorraBeerApp */,
				F49D996726A1AA4B006ACF20 /* Products */,
			);
			sourceTree = "<group>";
		};
		F49D996726A1AA4B006ACF20 /* Products */ = {
			isa = PBXGroup;
			children = (
				F49D996626A1AA4B006ACF20 /* ZorraBeerApp.app */,
			);
			name = Products;
			sourceTree = "<group>";
		};
		F49D996826A1AA4B006ACF20 /* ZorraBeerApp */ = {
			isa = PBXGroup;
			children = (
				F49D996926A1AA4B006ACF20 /* AppDelegate.swift */,
				F49D996B26A1AA4B006ACF20 /* SceneDelegate.swift */,
				F49D996D26A1AA4B006ACF20 /* MainViewController.swift */,
				F49D998526A644C7006ACF20 /* BeerInfoViewController.swift */,
				F49D998326A5F923006ACF20 /* ImageDownloader.swift */,
				F49D997D26A2E9C3006ACF20 /* ImageBeerCollectionViewCell.swift */,
				F49D997F26A46FA6006ACF20 /* BeerJsonResponseCodable.swift */,
				F49D998126A58A06006ACF20 /* Beer.swift */,
				F49D996F26A1AA4B006ACF20 /* Main.storyboard */,
				F49D997226A1AA4E006ACF20 /* Assets.xcassets */,
				F49D997426A1AA4E006ACF20 /* LaunchScreen.storyboard */,
				F49D997726A1AA4E006ACF20 /* Info.plist */,
			);
			path = ZorraBeerApp;
			sourceTree = "<group>";
		};
/* End PBXGroup section */

/* Begin PBXNativeTarget section */
		F49D996526A1AA4B006ACF20 /* ZorraBeerApp */ = {
			isa = PBXNativeTarget;
			buildConfigurationList = F49D997A26A1AA4E006ACF20 /* Build configuration list for PBXNativeTarget "ZorraBeerApp" */;
			buildPhases = (
				F49D996226A1AA4B006ACF20 /* Sources */,
				F49D996326A1AA4B006ACF20 /* Frameworks */,
				F49D996426A1AA4B006ACF20 /* Resources */,
			);
			buildRules = (
			);
			dependencies = (
			);
			name = ZorraBeerApp;
			productName = ZorraBeerApp;
			productReference = F49D996626A1AA4B006ACF20 /* ZorraBeerApp.app */;
			productType = "com.apple.product-type.application";
		};
/* End PBXNativeTarget section */

/* Begin PBXProject section */
		F49D995E26A1AA4B006ACF20 /* Project object */ = {
			isa = PBXProject;
			attributes = {
				LastSwiftUpdateCheck = 1250;
				LastUpgradeCheck = 1250;
				TargetAttributes = {
					F49D996526A1AA4B006ACF20 = {
						CreatedOnToolsVersion = 12.5.1;
					};
				};
			};
			buildConfigurationList = F49D996126A1AA4B006ACF20 /* Build configuration list for PBXProject "ZorraBeerApp" */;
			compatibilityVersion = "Xcode 9.3";
			developmentRegion = en;
			hasScannedForEncodings = 0;
			knownRegions = (
				en,
				Base,
			);
			mainGroup = F49D995D26A1AA4B006ACF20;
			productRefGroup = F49D996726A1AA4B006ACF20 /* Products */;
			projectDirPath = "";
			projectRoot = "";
			targets = (
				F49D996526A1AA4B006ACF20 /* ZorraBeerApp */,
			);
		};
/* End PBXProject section */

/* Begin PBXResourcesBuildPhase section */
		F49D996426A1AA4B006ACF20 /* Resources */ = {
			isa = PBXResourcesBuildPhase;
			buildActionMask = 2147483647;
			files = (
				F49D997626A1AA4E006ACF20 /* LaunchScreen.storyboard in Resources */,
				F49D997326A1AA4E006ACF20 /* Assets.xcassets in Resources */,
				F49D997126A1AA4B006ACF20 /* Main.storyboard in Resources */,
			);
			runOnlyForDeploymentPostprocessing = 0;
		};
/* End PBXResourcesBuildPhase section */

/* Begin PBXSourcesBuildPhase section */
		F49D996226A1AA4B006ACF20 /* Sources */ = {
			isa = PBXSourcesBuildPhase;
			buildActionMask = 2147483647;
			files = (
				F49D998626A644C7006ACF20 /* BeerInfoViewController.swift in Sources */,
				F49D997E26A2E9C3006ACF20 /* ImageBeerCollectionViewCell.swift in Sources */,
				F49D998226A58A06006ACF20 /* Beer.swift in Sources */,
				F49D998426A5F923006ACF20 /* ImageDownloader.swift in Sources */,
				F49D996E26A1AA4B006ACF20 /* MainViewController.swift in Sources */,
				F49D996A26A1AA4B006ACF20 /* AppDelegate.swift in Sources */,
				F49D998026A46FA6006ACF20 /* BeerJsonResponseCodable.swift in Sources */,
				F49D996C26A1AA4B006ACF20 /* SceneDelegate.swift in Sources */,
			);
			runOnlyForDeploymentPostprocessing = 0;
		};
/* End PBXSourcesBuildPhase section */

/* Begin PBXVariantGroup section */
		F49D996F26A1AA4B006ACF20 /* Main.storyboard */ = {
			isa = PBXVariantGroup;
			children = (
				F49D997026A1AA4B006ACF20 /* Base */,
			);
			name = Main.storyboard;
			sourceTree = "<group>";
		};
		F49D997426A1AA4E006ACF20 /* LaunchScreen.storyboard */ = {
			isa = PBXVariantGroup;
			children = (
				F49D997526A1AA4E006ACF20 /* Base */,
			);
			name = LaunchScreen.storyboard;
			sourceTree = "<group>";
		};
/* End PBXVariantGroup section */

/* Begin XCBuildConfiguration section */
		F49D997826A1AA4E006ACF20 /* Debug */ = {
			isa = XCBuildConfiguration;
			buildSettings = {
				ALWAYS_SEARCH_USER_PATHS = NO;
				CLANG_ANALYZER_NONNULL = YES;
				CLANG_ANALYZER_NUMBER_OBJECT_CONVERSION = YES_AGGRESSIVE;
				CLANG_CXX_LANGUAGE_STANDARD = "gnu++14";
				CLANG_CXX_LIBRARY = "libc++";
				CLANG_ENABLE_MODULES = YES;
				CLANG_ENABLE_OBJC_ARC = YES;
				CLANG_ENABLE_OBJC_WEAK = YES;
				CLANG_WARN_BLOCK_CAPTURE_AUTORELEASING = YES;
				CLANG_WARN_BOOL_CONVERSION = YES;
				CLANG_WARN_COMMA = YES;
				CLANG_WARN_CONSTANT_CONVERSION = YES;
				CLANG_WARN_DEPRECATED_OBJC_IMPLEMENTATIONS = YES;
				CLANG_WARN_DIRECT_OBJC_ISA_USAGE = YES_ERROR;
				CLANG_WARN_DOCUMENTATION_COMMENTS = YES;
				CLANG_WARN_EMPTY_BODY = YES;
				CLANG_WARN_ENUM_CONVERSION = YES;
				CLANG_WARN_INFINITE_RECURSION = YES;
				CLANG_WARN_INT_CONVERSION = YES;
				CLANG_WARN_NON_LITERAL_NULL_CONVERSION = YES;
				CLANG_WARN_OBJC_IMPLICIT_RETAIN_SELF = YES;
				CLANG_WARN_OBJC_LITERAL_CONVERSION = YES;
				CLANG_WARN_OBJC_ROOT_CLASS = YES_ERROR;
				CLANG_WARN_QUOTED_INCLUDE_IN_FRAMEWORK_HEADER = YES;
				CLANG_WARN_RANGE_LOOP_ANALYSIS = YES;
				CLANG_WARN_STRICT_PROTOTYPES = YES;
				CLANG_WARN_SUSPICIOUS_MOVE = YES;
				CLANG_WARN_UNGUARDED_AVAILABILITY = YES_AGGRESSIVE;
				CLANG_WARN_UNREACHABLE_CODE = YES;
				CLANG_WARN__DUPLICATE_METHOD_MATCH = YES;
				COPY_PHASE_STRIP = NO;
				DEBUG_INFORMATION_FORMAT = dwarf;
				ENABLE_STRICT_OBJC_MSGSEND = YES;
				ENABLE_TESTABILITY = YES;
				GCC_C_LANGUAGE_STANDARD = gnu11;
				GCC_DYNAMIC_NO_PIC = NO;
				GCC_NO_COMMON_BLOCKS = YES;
				GCC_OPTIMIZATION_LEVEL = 0;
				GCC_PREPROCESSOR_DEFINITIONS = (
					"DEBUG=1",
					"$(inherited)",
				);
				GCC_WARN_64_TO_32_BIT_CONVERSION = YES;
				GCC_WARN_ABOUT_RETURN_TYPE = YES_ERROR;
				GCC_WARN_UNDECLARED_SELECTOR = YES;
				GCC_WARN_UNINITIALIZED_AUTOS = YES_AGGRESSIVE;
				GCC_WARN_UNUSED_FUNCTION = YES;
				GCC_WARN_UNUSED_VARIABLE = YES;
				IPHONEOS_DEPLOYMENT_TARGET = 12.1;
				MTL_ENABLE_DEBUG_INFO = INCLUDE_SOURCE;
				MTL_FAST_MATH = YES;
				ONLY_ACTIVE_ARCH = YES;
				SDKROOT = iphoneos;
				SWIFT_ACTIVE_COMPILATION_CONDITIONS = DEBUG;
				SWIFT_OPTIMIZATION_LEVEL = "-Onone";
			};
			name = Debug;
		};
		F49D997926A1AA4E006ACF20 /* Release */ = {
			isa = XCBuildConfiguration;
			buildSettings = {
				ALWAYS_SEARCH_USER_PATHS = NO;
				CLANG_ANALYZER_NONNULL = YES;
				CLANG_ANALYZER_NUMBER_OBJECT_CONVERSION = YES_AGGRESSIVE;
				CLANG_CXX_LANGUAGE_STANDARD = "gnu++14";
				CLANG_CXX_LIBRARY = "libc++";
				CLANG_ENABLE_MODULES = YES;
				CLANG_ENABLE_OBJC_ARC = YES;
				CLANG_ENABLE_OBJC_WEAK = YES;
				CLANG_WARN_BLOCK_CAPTURE_AUTORELEASING = YES;
				CLANG_WARN_BOOL_CONVERSION = YES;
				CLANG_WARN_COMMA = YES;
				CLANG_WARN_CONSTANT_CONVERSION = YES;
				CLANG_WARN_DEPRECATED_OBJC_IMPLEMENTATIONS = YES;
				CLANG_WARN_DIRECT_OBJC_ISA_USAGE = YES_ERROR;
				CLANG_WARN_DOCUMENTATION_COMMENTS = YES;
				CLANG_WARN_EMPTY_BODY = YES;
				CLANG_WARN_ENUM_CONVERSION = YES;
				CLANG_WARN_INFINITE_RECURSION = YES;
				CLANG_WARN_INT_CONVERSION = YES;
				CLANG_WARN_NON_LITERAL_NULL_CONVERSION = YES;
				CLANG_WARN_OBJC_IMPLICIT_RETAIN_SELF = YES;
				CLANG_WARN_OBJC_LITERAL_CONVERSION = YES;
				CLANG_WARN_OBJC_ROOT_CLASS = YES_ERROR;
				CLANG_WARN_QUOTED_INCLUDE_IN_FRAMEWORK_HEADER = YES;
				CLANG_WARN_RANGE_LOOP_ANALYSIS = YES;
				CLANG_WARN_STRICT_PROTOTYPES = YES;
				CLANG_WARN_SUSPICIOUS_MOVE = YES;
				CLANG_WARN_UNGUARDED_AVAILABILITY = YES_AGGRESSIVE;
				CLANG_WARN_UNREACHABLE_CODE = YES;
				CLANG_WARN__DUPLICATE_METHOD_MATCH = YES;
				COPY_PHASE_STRIP = NO;
				DEBUG_INFORMATION_FORMAT = "dwarf-with-dsym";
				ENABLE_NS_ASSERTIONS = NO;
				ENABLE_STRICT_OBJC_MSGSEND = YES;
				GCC_C_LANGUAGE_STANDARD = gnu11;
				GCC_NO_COMMON_BLOCKS = YES;
				GCC_WARN_64_TO_32_BIT_CONVERSION = YES;
				GCC_WARN_ABOUT_RETURN_TYPE = YES_ERROR;
				GCC_WARN_UNDECLARED_SELECTOR = YES;
				GCC_WARN_UNINITIALIZED_AUTOS = YES_AGGRESSIVE;
				GCC_WARN_UNUSED_FUNCTION = YES;
				GCC_WARN_UNUSED_VARIABLE = YES;
				IPHONEOS_DEPLOYMENT_TARGET = 12.1;
				MTL_ENABLE_DEBUG_INFO = NO;
				MTL_FAST_MATH = YES;
				SDKROOT = iphoneos;
				SWIFT_COMPILATION_MODE = wholemodule;
				SWIFT_OPTIMIZATION_LEVEL = "-O";
				VALIDATE_PRODUCT = YES;
			};
			name = Release;
		};
		F49D997B26A1AA4E006ACF20 /* Debug */ = {
			isa = XCBuildConfiguration;
			buildSettings = {
				ASSETCATALOG_COMPILER_APPICON_NAME = AppIcon;
				ASSETCATALOG_COMPILER_GLOBAL_ACCENT_COLOR_NAME = AccentColor;
				CODE_SIGN_STYLE = Automatic;
				DEVELOPMENT_TEAM = 6A83DQ5X88;
				INFOPLIST_FILE = ZorraBeerApp/Info.plist;
				LD_RUNPATH_SEARCH_PATHS = (
					"$(inherited)",
					"@executable_path/Frameworks",
				);
				PRODUCT_BUNDLE_IDENTIFIER = kit228.ZorraBeerApp;
				PRODUCT_NAME = "$(TARGET_NAME)";
				SWIFT_VERSION = 5.0;
				TARGETED_DEVICE_FAMILY = "1,2";
			};
			name = Debug;
		};
		F49D997C26A1AA4E006ACF20 /* Release */ = {
			isa = XCBuildConfiguration;
			buildSettings = {
				ASSETCATALOG_COMPILER_APPICON_NAME = AppIcon;
				ASSETCATALOG_COMPILER_GLOBAL_ACCENT_COLOR_NAME = AccentColor;
				CODE_SIGN_STYLE = Automatic;
				DEVELOPMENT_TEAM = 6A83DQ5X88;
				INFOPLIST_FILE = ZorraBeerApp/Info.plist;
				LD_RUNPATH_SEARCH_PATHS = (
					"$(inherited)",
					"@executable_path/Frameworks",
				);
				PRODUCT_BUNDLE_IDENTIFIER = kit228.ZorraBeerApp;
				PRODUCT_NAME = "$(TARGET_NAME)";
				SWIFT_VERSION = 5.0;
				TARGETED_DEVICE_FAMILY = "1,2";
			};
			name = Release;
		};
/* End XCBuildConfiguration section */

/* Begin XCConfigurationList section */
		F49D996126A1AA4B006ACF20 /* Build configuration list for PBXProject "ZorraBeerApp" */ = {
			isa = XCConfigurationList;
			buildConfigurations = (
				F49D997826A1AA4E006ACF20 /* Debug */,
				F49D997926A1AA4E006ACF20 /* Release */,
			);
			defaultConfigurationIsVisible = 0;
			defaultConfigurationName = Release;
		};
		F49D997A26A1AA4E006ACF20 /* Build configuration list for PBXNativeTarget "ZorraBeerApp" */ = {
			isa = XCConfigurationList;
			buildConfigurations = (
				F49D997B26A1AA4E006ACF20 /* Debug */,
				F49D997C26A1AA4E006ACF20 /* Release */,
			);
			defaultConfigurationIsVisible = 0;
			defaultConfigurationName = Release;
		};
/* End XCConfigurationList section */
	};
	rootObject = F49D995E26A1AA4B006ACF20 /* Project object */;
}
